// !$*UTF8*$!
{
	archiveVersion = 1;
	classes = {
	};
	objectVersion = 55;
	objects = {

/* Begin PBXBuildFile section */
		6E594B9D27614BD500ACAC42 /* AvoInspector.h in CopyFiles */ = {isa = PBXBuildFile; fileRef = 6E7E506627611C4D00CAFB96 /* AvoInspector.h */; };
		6E594B9E27614BD500ACAC42 /* Inspector.h in CopyFiles */ = {isa = PBXBuildFile; fileRef = 6E7E505927611C4C00CAFB96 /* Inspector.h */; };
		6E7E50322760F4EB00CAFB96 /* Expecta.xcframework in Frameworks */ = {isa = PBXBuildFile; fileRef = 6E7E50312760F4EB00CAFB96 /* Expecta.xcframework */; };
		6E7E50432760F5EC00CAFB96 /* ListSchemaExtractionTests.m in Sources */ = {isa = PBXBuildFile; fileRef = 6E7E50332760F5EC00CAFB96 /* ListSchemaExtractionTests.m */; };
		6E7E50442760F5EC00CAFB96 /* InitializationTests.m in Sources */ = {isa = PBXBuildFile; fileRef = 6E7E50342760F5EC00CAFB96 /* InitializationTests.m */; };
		6E7E50452760F5EC00CAFB96 /* VisualDebuggerTests.m in Sources */ = {isa = PBXBuildFile; fileRef = 6E7E50352760F5EC00CAFB96 /* VisualDebuggerTests.m */; };
		6E7E50462760F5EC00CAFB96 /* TrackTests.m in Sources */ = {isa = PBXBuildFile; fileRef = 6E7E50362760F5EC00CAFB96 /* TrackTests.m */; };
		6E7E50472760F5EC00CAFB96 /* SessionTests.m in Sources */ = {isa = PBXBuildFile; fileRef = 6E7E50372760F5EC00CAFB96 /* SessionTests.m */; };
		6E7E50482760F5EC00CAFB96 /* InstallationIdTests.m in Sources */ = {isa = PBXBuildFile; fileRef = 6E7E50382760F5EC00CAFB96 /* InstallationIdTests.m */; };
		6E7E50492760F5EC00CAFB96 /* DeduplicatorTests.m in Sources */ = {isa = PBXBuildFile; fileRef = 6E7E50392760F5EC00CAFB96 /* DeduplicatorTests.m */; };
		6E7E504A2760F5EC00CAFB96 /* Tests-Info.plist in Resources */ = {isa = PBXBuildFile; fileRef = 6E7E503A2760F5EC00CAFB96 /* Tests-Info.plist */; };
		6E7E504B2760F5EC00CAFB96 /* SamplingTests.m in Sources */ = {isa = PBXBuildFile; fileRef = 6E7E503B2760F5EC00CAFB96 /* SamplingTests.m */; };
		6E7E504C2760F5EC00CAFB96 /* EnvironmentMappingTest.m in Sources */ = {isa = PBXBuildFile; fileRef = 6E7E503C2760F5EC00CAFB96 /* EnvironmentMappingTest.m */; };
		6E7E504D2760F5EC00CAFB96 /* LogsTests.m in Sources */ = {isa = PBXBuildFile; fileRef = 6E7E503D2760F5EC00CAFB96 /* LogsTests.m */; };
		6E7E504E2760F5EC00CAFB96 /* SimpleTypeSchemaExtractionTests.m in Sources */ = {isa = PBXBuildFile; fileRef = 6E7E503E2760F5EC00CAFB96 /* SimpleTypeSchemaExtractionTests.m */; };
		6E7E504F2760F5EC00CAFB96 /* SessionBetweenRestartsTests.m in Sources */ = {isa = PBXBuildFile; fileRef = 6E7E503F2760F5EC00CAFB96 /* SessionBetweenRestartsTests.m */; };
		6E7E50502760F5EC00CAFB96 /* DictionarySchemaExtractionTests.m in Sources */ = {isa = PBXBuildFile; fileRef = 6E7E50402760F5EC00CAFB96 /* DictionarySchemaExtractionTests.m */; };
		6E7E50512760F5EC00CAFB96 /* NetworkCallsHandlerTests.m in Sources */ = {isa = PBXBuildFile; fileRef = 6E7E50412760F5EC00CAFB96 /* NetworkCallsHandlerTests.m */; };
		6E7E507A27611C4D00CAFB96 /* AvoInt.m in Sources */ = {isa = PBXBuildFile; fileRef = 6E7E505827611C4C00CAFB96 /* AvoInt.m */; };
		6E7E507B27611C4D00CAFB96 /* AvoBoolean.m in Sources */ = {isa = PBXBuildFile; fileRef = 6E7E505D27611C4C00CAFB96 /* AvoBoolean.m */; };
		6E7E507C27611C4D00CAFB96 /* AvoObject.m in Sources */ = {isa = PBXBuildFile; fileRef = 6E7E505E27611C4C00CAFB96 /* AvoObject.m */; };
		6E7E507D27611C4D00CAFB96 /* AvoNetworkCallsHandler.m in Sources */ = {isa = PBXBuildFile; fileRef = 6E7E506227611C4C00CAFB96 /* AvoNetworkCallsHandler.m */; };
		6E7E507E27611C4D00CAFB96 /* AvoSchemaExtractor.m in Sources */ = {isa = PBXBuildFile; fileRef = 6E7E506327611C4C00CAFB96 /* AvoSchemaExtractor.m */; };
		6E7E507F27611C4D00CAFB96 /* AvoFloat.m in Sources */ = {isa = PBXBuildFile; fileRef = 6E7E506427611C4C00CAFB96 /* AvoFloat.m */; };
		6E7E508027611C4D00CAFB96 /* AvoDeduplicator.m in Sources */ = {isa = PBXBuildFile; fileRef = 6E7E506527611C4D00CAFB96 /* AvoDeduplicator.m */; };
		6E7E508127611C4D00CAFB96 /* AvoString.m in Sources */ = {isa = PBXBuildFile; fileRef = 6E7E506727611C4D00CAFB96 /* AvoString.m */; };
		6E7E508227611C4D00CAFB96 /* AvoNull.m in Sources */ = {isa = PBXBuildFile; fileRef = 6E7E506B27611C4D00CAFB96 /* AvoNull.m */; };
		6E7E508327611C4D00CAFB96 /* AvoInstallationId.m in Sources */ = {isa = PBXBuildFile; fileRef = 6E7E506C27611C4D00CAFB96 /* AvoInstallationId.m */; };
		6E7E508427611C4D00CAFB96 /* AvoInspector.m in Sources */ = {isa = PBXBuildFile; fileRef = 6E7E506D27611C4D00CAFB96 /* AvoInspector.m */; };
		6E7E508527611C4D00CAFB96 /* AvoUnknownType.m in Sources */ = {isa = PBXBuildFile; fileRef = 6E7E506F27611C4D00CAFB96 /* AvoUnknownType.m */; };
		6E7E508627611C4D00CAFB96 /* AvoSessionTracker.m in Sources */ = {isa = PBXBuildFile; fileRef = 6E7E507127611C4D00CAFB96 /* AvoSessionTracker.m */; };
		6E7E508727611C4D00CAFB96 /* AvoList.m in Sources */ = {isa = PBXBuildFile; fileRef = 6E7E507227611C4D00CAFB96 /* AvoList.m */; };
		6E7E508827611C4D00CAFB96 /* AvoBatcher.m in Sources */ = {isa = PBXBuildFile; fileRef = 6E7E507327611C4D00CAFB96 /* AvoBatcher.m */; };
		6E7E508927611C4D00CAFB96 /* AvoEventSchemaType.m in Sources */ = {isa = PBXBuildFile; fileRef = 6E7E507627611C4D00CAFB96 /* AvoEventSchemaType.m */; };
		6E7E508A27611C4D00CAFB96 /* AvoUtils.m in Sources */ = {isa = PBXBuildFile; fileRef = 6E7E507927611C4D00CAFB96 /* AvoUtils.m */; };
		6EA1EE682760E4AF00FD3D29 /* libAvoInspectorStatic.a in Frameworks */ = {isa = PBXBuildFile; fileRef = 6EA1EE3A2760E2C000FD3D29 /* libAvoInspectorStatic.a */; };
		6EA1EEAE2760ECBD00FD3D29 /* BatchingTests.m in Sources */ = {isa = PBXBuildFile; fileRef = 6EA1EEAD2760ECBD00FD3D29 /* BatchingTests.m */; };
		6EA1EEB32760F37500FD3D29 /* Specta.xcframework in Frameworks */ = {isa = PBXBuildFile; fileRef = 6EA1EEB12760F37500FD3D29 /* Specta.xcframework */; };
		6EA1EEB42760F37500FD3D29 /* OCMock.xcframework in Frameworks */ = {isa = PBXBuildFile; fileRef = 6EA1EEB22760F37500FD3D29 /* OCMock.xcframework */; };
/* End PBXBuildFile section */

/* Begin PBXContainerItemProxy section */
		6EA1EE692760E4AF00FD3D29 /* PBXContainerItemProxy */ = {
			isa = PBXContainerItemProxy;
			containerPortal = 6EA1EE322760E2C000FD3D29 /* Project object */;
			proxyType = 1;
			remoteGlobalIDString = 6EA1EE392760E2C000FD3D29;
			remoteInfo = AvoInspectorStatic;
		};
/* End PBXContainerItemProxy section */

/* Begin PBXCopyFilesBuildPhase section */
		6EA1EE382760E2C000FD3D29 /* CopyFiles */ = {
			isa = PBXCopyFilesBuildPhase;
			buildActionMask = 2147483647;
			dstPath = "include/$(PRODUCT_NAME)";
			dstSubfolderSpec = 16;
			files = (
				6E594B9D27614BD500ACAC42 /* AvoInspector.h in CopyFiles */,
				6E594B9E27614BD500ACAC42 /* Inspector.h in CopyFiles */,
			);
			runOnlyForDeploymentPostprocessing = 0;
		};
/* End PBXCopyFilesBuildPhase section */

/* Begin PBXFileReference section */
		6E594B9F27614E9800ACAC42 /* module.modulemap */ = {isa = PBXFileReference; fileEncoding = 4; lastKnownFileType = "sourcecode.module-map"; name = module.modulemap; path = Sources/AvoInspectorStatic/module.modulemap; sourceTree = "<group>"; };
		6E594BA22761502B00ACAC42 /* AvoInspectorStatic.h */ = {isa = PBXFileReference; fileEncoding = 4; lastKnownFileType = sourcecode.c.h; name = AvoInspectorStatic.h; path = Sources/AvoInspectorStatic/AvoInspectorStatic.h; sourceTree = "<group>"; };
		6E7E50312760F4EB00CAFB96 /* Expecta.xcframework */ = {isa = PBXFileReference; lastKnownFileType = wrapper.xcframework; name = Expecta.xcframework; path = Carthage/Build/Expecta.xcframework; sourceTree = "<group>"; };
		6E7E50332760F5EC00CAFB96 /* ListSchemaExtractionTests.m */ = {isa = PBXFileReference; fileEncoding = 4; lastKnownFileType = sourcecode.c.objc; path = ListSchemaExtractionTests.m; sourceTree = "<group>"; };
		6E7E50342760F5EC00CAFB96 /* InitializationTests.m */ = {isa = PBXFileReference; fileEncoding = 4; lastKnownFileType = sourcecode.c.objc; path = InitializationTests.m; sourceTree = "<group>"; };
		6E7E50352760F5EC00CAFB96 /* VisualDebuggerTests.m */ = {isa = PBXFileReference; fileEncoding = 4; lastKnownFileType = sourcecode.c.objc; path = VisualDebuggerTests.m; sourceTree = "<group>"; };
		6E7E50362760F5EC00CAFB96 /* TrackTests.m */ = {isa = PBXFileReference; fileEncoding = 4; lastKnownFileType = sourcecode.c.objc; path = TrackTests.m; sourceTree = "<group>"; };
		6E7E50372760F5EC00CAFB96 /* SessionTests.m */ = {isa = PBXFileReference; fileEncoding = 4; lastKnownFileType = sourcecode.c.objc; path = SessionTests.m; sourceTree = "<group>"; };
		6E7E50382760F5EC00CAFB96 /* InstallationIdTests.m */ = {isa = PBXFileReference; fileEncoding = 4; lastKnownFileType = sourcecode.c.objc; path = InstallationIdTests.m; sourceTree = "<group>"; };
		6E7E50392760F5EC00CAFB96 /* DeduplicatorTests.m */ = {isa = PBXFileReference; fileEncoding = 4; lastKnownFileType = sourcecode.c.objc; path = DeduplicatorTests.m; sourceTree = "<group>"; };
		6E7E503A2760F5EC00CAFB96 /* Tests-Info.plist */ = {isa = PBXFileReference; fileEncoding = 4; lastKnownFileType = text.plist.xml; path = "Tests-Info.plist"; sourceTree = "<group>"; };
		6E7E503B2760F5EC00CAFB96 /* SamplingTests.m */ = {isa = PBXFileReference; fileEncoding = 4; lastKnownFileType = sourcecode.c.objc; path = SamplingTests.m; sourceTree = "<group>"; };
		6E7E503C2760F5EC00CAFB96 /* EnvironmentMappingTest.m */ = {isa = PBXFileReference; fileEncoding = 4; lastKnownFileType = sourcecode.c.objc; path = EnvironmentMappingTest.m; sourceTree = "<group>"; };
		6E7E503D2760F5EC00CAFB96 /* LogsTests.m */ = {isa = PBXFileReference; fileEncoding = 4; lastKnownFileType = sourcecode.c.objc; path = LogsTests.m; sourceTree = "<group>"; };
		6E7E503E2760F5EC00CAFB96 /* SimpleTypeSchemaExtractionTests.m */ = {isa = PBXFileReference; fileEncoding = 4; lastKnownFileType = sourcecode.c.objc; path = SimpleTypeSchemaExtractionTests.m; sourceTree = "<group>"; };
		6E7E503F2760F5EC00CAFB96 /* SessionBetweenRestartsTests.m */ = {isa = PBXFileReference; fileEncoding = 4; lastKnownFileType = sourcecode.c.objc; path = SessionBetweenRestartsTests.m; sourceTree = "<group>"; };
		6E7E50402760F5EC00CAFB96 /* DictionarySchemaExtractionTests.m */ = {isa = PBXFileReference; fileEncoding = 4; lastKnownFileType = sourcecode.c.objc; path = DictionarySchemaExtractionTests.m; sourceTree = "<group>"; };
		6E7E50412760F5EC00CAFB96 /* NetworkCallsHandlerTests.m */ = {isa = PBXFileReference; fileEncoding = 4; lastKnownFileType = sourcecode.c.objc; path = NetworkCallsHandlerTests.m; sourceTree = "<group>"; };
		6E7E50422760F5EC00CAFB96 /* Tests-Prefix.pch */ = {isa = PBXFileReference; fileEncoding = 4; lastKnownFileType = sourcecode.c.h; path = "Tests-Prefix.pch"; sourceTree = "<group>"; };
		6E7E50522761126800CAFB96 /* Info.plist */ = {isa = PBXFileReference; lastKnownFileType = text.plist; path = Info.plist; sourceTree = "<group>"; };
		6E7E505727611C4C00CAFB96 /* AvoInstallationId.h */ = {isa = PBXFileReference; fileEncoding = 4; lastKnownFileType = sourcecode.c.h; name = AvoInstallationId.h; path = Sources/AvoInspectorStatic/AvoInstallationId.h; sourceTree = "<group>"; };
		6E7E505827611C4C00CAFB96 /* AvoInt.m */ = {isa = PBXFileReference; fileEncoding = 4; lastKnownFileType = sourcecode.c.objc; name = AvoInt.m; path = Sources/AvoInspectorStatic/AvoInt.m; sourceTree = "<group>"; };
		6E7E505927611C4C00CAFB96 /* Inspector.h */ = {isa = PBXFileReference; fileEncoding = 4; lastKnownFileType = sourcecode.c.h; name = Inspector.h; path = Sources/AvoInspectorStatic/Inspector.h; sourceTree = "<group>"; };
		6E7E505A27611C4C00CAFB96 /* AvoSchemaExtractor.h */ = {isa = PBXFileReference; fileEncoding = 4; lastKnownFileType = sourcecode.c.h; name = AvoSchemaExtractor.h; path = Sources/AvoInspectorStatic/AvoSchemaExtractor.h; sourceTree = "<group>"; };
		6E7E505B27611C4C00CAFB96 /* AvoBoolean.h */ = {isa = PBXFileReference; fileEncoding = 4; lastKnownFileType = sourcecode.c.h; name = AvoBoolean.h; path = Sources/AvoInspectorStatic/AvoBoolean.h; sourceTree = "<group>"; };
		6E7E505C27611C4C00CAFB96 /* AvoDeduplicator.h */ = {isa = PBXFileReference; fileEncoding = 4; lastKnownFileType = sourcecode.c.h; name = AvoDeduplicator.h; path = Sources/AvoInspectorStatic/AvoDeduplicator.h; sourceTree = "<group>"; };
		6E7E505D27611C4C00CAFB96 /* AvoBoolean.m */ = {isa = PBXFileReference; fileEncoding = 4; lastKnownFileType = sourcecode.c.objc; name = AvoBoolean.m; path = Sources/AvoInspectorStatic/AvoBoolean.m; sourceTree = "<group>"; };
		6E7E505E27611C4C00CAFB96 /* AvoObject.m */ = {isa = PBXFileReference; fileEncoding = 4; lastKnownFileType = sourcecode.c.objc; name = AvoObject.m; path = Sources/AvoInspectorStatic/AvoObject.m; sourceTree = "<group>"; };
		6E7E505F27611C4C00CAFB96 /* AvoList.h */ = {isa = PBXFileReference; fileEncoding = 4; lastKnownFileType = sourcecode.c.h; name = AvoList.h; path = Sources/AvoInspectorStatic/AvoList.h; sourceTree = "<group>"; };
		6E7E506027611C4C00CAFB96 /* AvoNull.h */ = {isa = PBXFileReference; fileEncoding = 4; lastKnownFileType = sourcecode.c.h; name = AvoNull.h; path = Sources/AvoInspectorStatic/AvoNull.h; sourceTree = "<group>"; };
		6E7E506127611C4C00CAFB96 /* AvoInt.h */ = {isa = PBXFileReference; fileEncoding = 4; lastKnownFileType = sourcecode.c.h; name = AvoInt.h; path = Sources/AvoInspectorStatic/AvoInt.h; sourceTree = "<group>"; };
		6E7E506227611C4C00CAFB96 /* AvoNetworkCallsHandler.m */ = {isa = PBXFileReference; fileEncoding = 4; lastKnownFileType = sourcecode.c.objc; name = AvoNetworkCallsHandler.m; path = Sources/AvoInspectorStatic/AvoNetworkCallsHandler.m; sourceTree = "<group>"; };
		6E7E506327611C4C00CAFB96 /* AvoSchemaExtractor.m */ = {isa = PBXFileReference; fileEncoding = 4; lastKnownFileType = sourcecode.c.objc; name = AvoSchemaExtractor.m; path = Sources/AvoInspectorStatic/AvoSchemaExtractor.m; sourceTree = "<group>"; };
		6E7E506427611C4C00CAFB96 /* AvoFloat.m */ = {isa = PBXFileReference; fileEncoding = 4; lastKnownFileType = sourcecode.c.objc; name = AvoFloat.m; path = Sources/AvoInspectorStatic/AvoFloat.m; sourceTree = "<group>"; };
		6E7E506527611C4D00CAFB96 /* AvoDeduplicator.m */ = {isa = PBXFileReference; fileEncoding = 4; lastKnownFileType = sourcecode.c.objc; name = AvoDeduplicator.m; path = Sources/AvoInspectorStatic/AvoDeduplicator.m; sourceTree = "<group>"; };
		6E7E506627611C4D00CAFB96 /* AvoInspector.h */ = {isa = PBXFileReference; fileEncoding = 4; lastKnownFileType = sourcecode.c.h; name = AvoInspector.h; path = Sources/AvoInspectorStatic/AvoInspector.h; sourceTree = "<group>"; };
		6E7E506727611C4D00CAFB96 /* AvoString.m */ = {isa = PBXFileReference; fileEncoding = 4; lastKnownFileType = sourcecode.c.objc; name = AvoString.m; path = Sources/AvoInspectorStatic/AvoString.m; sourceTree = "<group>"; };
		6E7E506827611C4D00CAFB96 /* AvoNetworkCallsHandler.h */ = {isa = PBXFileReference; fileEncoding = 4; lastKnownFileType = sourcecode.c.h; name = AvoNetworkCallsHandler.h; path = Sources/AvoInspectorStatic/AvoNetworkCallsHandler.h; sourceTree = "<group>"; };
		6E7E506927611C4D00CAFB96 /* AvoUtils.h */ = {isa = PBXFileReference; fileEncoding = 4; lastKnownFileType = sourcecode.c.h; name = AvoUtils.h; path = Sources/AvoInspectorStatic/AvoUtils.h; sourceTree = "<group>"; };
		6E7E506A27611C4D00CAFB96 /* AvoObject.h */ = {isa = PBXFileReference; fileEncoding = 4; lastKnownFileType = sourcecode.c.h; name = AvoObject.h; path = Sources/AvoInspectorStatic/AvoObject.h; sourceTree = "<group>"; };
		6E7E506B27611C4D00CAFB96 /* AvoNull.m */ = {isa = PBXFileReference; fileEncoding = 4; lastKnownFileType = sourcecode.c.objc; name = AvoNull.m; path = Sources/AvoInspectorStatic/AvoNull.m; sourceTree = "<group>"; };
		6E7E506C27611C4D00CAFB96 /* AvoInstallationId.m */ = {isa = PBXFileReference; fileEncoding = 4; lastKnownFileType = sourcecode.c.objc; name = AvoInstallationId.m; path = Sources/AvoInspectorStatic/AvoInstallationId.m; sourceTree = "<group>"; };
		6E7E506D27611C4D00CAFB96 /* AvoInspector.m */ = {isa = PBXFileReference; fileEncoding = 4; lastKnownFileType = sourcecode.c.objc; name = AvoInspector.m; path = Sources/AvoInspectorStatic/AvoInspector.m; sourceTree = "<group>"; };
		6E7E506E27611C4D00CAFB96 /* AvoSessionTracker.h */ = {isa = PBXFileReference; fileEncoding = 4; lastKnownFileType = sourcecode.c.h; name = AvoSessionTracker.h; path = Sources/AvoInspectorStatic/AvoSessionTracker.h; sourceTree = "<group>"; };
		6E7E506F27611C4D00CAFB96 /* AvoUnknownType.m */ = {isa = PBXFileReference; fileEncoding = 4; lastKnownFileType = sourcecode.c.objc; name = AvoUnknownType.m; path = Sources/AvoInspectorStatic/AvoUnknownType.m; sourceTree = "<group>"; };
		6E7E507027611C4D00CAFB96 /* AvoEventSchemaType.h */ = {isa = PBXFileReference; fileEncoding = 4; lastKnownFileType = sourcecode.c.h; name = AvoEventSchemaType.h; path = Sources/AvoInspectorStatic/AvoEventSchemaType.h; sourceTree = "<group>"; };
		6E7E507127611C4D00CAFB96 /* AvoSessionTracker.m */ = {isa = PBXFileReference; fileEncoding = 4; lastKnownFileType = sourcecode.c.objc; name = AvoSessionTracker.m; path = Sources/AvoInspectorStatic/AvoSessionTracker.m; sourceTree = "<group>"; };
		6E7E507227611C4D00CAFB96 /* AvoList.m */ = {isa = PBXFileReference; fileEncoding = 4; lastKnownFileType = sourcecode.c.objc; name = AvoList.m; path = Sources/AvoInspectorStatic/AvoList.m; sourceTree = "<group>"; };
		6E7E507327611C4D00CAFB96 /* AvoBatcher.m */ = {isa = PBXFileReference; fileEncoding = 4; lastKnownFileType = sourcecode.c.objc; name = AvoBatcher.m; path = Sources/AvoInspectorStatic/AvoBatcher.m; sourceTree = "<group>"; };
		6E7E507427611C4D00CAFB96 /* AvoFloat.h */ = {isa = PBXFileReference; fileEncoding = 4; lastKnownFileType = sourcecode.c.h; name = AvoFloat.h; path = Sources/AvoInspectorStatic/AvoFloat.h; sourceTree = "<group>"; };
		6E7E507527611C4D00CAFB96 /* AvoString.h */ = {isa = PBXFileReference; fileEncoding = 4; lastKnownFileType = sourcecode.c.h; name = AvoString.h; path = Sources/AvoInspectorStatic/AvoString.h; sourceTree = "<group>"; };
		6E7E507627611C4D00CAFB96 /* AvoEventSchemaType.m */ = {isa = PBXFileReference; fileEncoding = 4; lastKnownFileType = sourcecode.c.objc; name = AvoEventSchemaType.m; path = Sources/AvoInspectorStatic/AvoEventSchemaType.m; sourceTree = "<group>"; };
		6E7E507727611C4D00CAFB96 /* AvoUnknownType.h */ = {isa = PBXFileReference; fileEncoding = 4; lastKnownFileType = sourcecode.c.h; name = AvoUnknownType.h; path = Sources/AvoInspectorStatic/AvoUnknownType.h; sourceTree = "<group>"; };
		6E7E507827611C4D00CAFB96 /* AvoBatcher.h */ = {isa = PBXFileReference; fileEncoding = 4; lastKnownFileType = sourcecode.c.h; name = AvoBatcher.h; path = Sources/AvoInspectorStatic/AvoBatcher.h; sourceTree = "<group>"; };
		6E7E507927611C4D00CAFB96 /* AvoUtils.m */ = {isa = PBXFileReference; fileEncoding = 4; lastKnownFileType = sourcecode.c.objc; name = AvoUtils.m; path = Sources/AvoInspectorStatic/AvoUtils.m; sourceTree = "<group>"; };
		6EA1EE3A2760E2C000FD3D29 /* libAvoInspectorStatic.a */ = {isa = PBXFileReference; explicitFileType = archive.ar; includeInIndex = 0; path = libAvoInspectorStatic.a; sourceTree = BUILT_PRODUCTS_DIR; };
		6EA1EE642760E4AF00FD3D29 /* Tests.xctest */ = {isa = PBXFileReference; explicitFileType = wrapper.cfbundle; includeInIndex = 0; path = Tests.xctest; sourceTree = BUILT_PRODUCTS_DIR; };
		6EA1EEAD2760ECBD00FD3D29 /* BatchingTests.m */ = {isa = PBXFileReference; fileEncoding = 4; lastKnownFileType = sourcecode.c.objc; path = BatchingTests.m; sourceTree = "<group>"; };
		6EA1EEB12760F37500FD3D29 /* Specta.xcframework */ = {isa = PBXFileReference; lastKnownFileType = wrapper.xcframework; name = Specta.xcframework; path = Carthage/Build/Specta.xcframework; sourceTree = "<group>"; };
		6EA1EEB22760F37500FD3D29 /* OCMock.xcframework */ = {isa = PBXFileReference; lastKnownFileType = wrapper.xcframework; name = OCMock.xcframework; path = Carthage/Build/OCMock.xcframework; sourceTree = "<group>"; };
/* End PBXFileReference section */

/* Begin PBXFrameworksBuildPhase section */
		6EA1EE372760E2C000FD3D29 /* Frameworks */ = {
			isa = PBXFrameworksBuildPhase;
			buildActionMask = 2147483647;
			files = (
			);
			runOnlyForDeploymentPostprocessing = 0;
		};
		6EA1EE612760E4AF00FD3D29 /* Frameworks */ = {
			isa = PBXFrameworksBuildPhase;
			buildActionMask = 2147483647;
			files = (
				6E7E50322760F4EB00CAFB96 /* Expecta.xcframework in Frameworks */,
				6EA1EEB32760F37500FD3D29 /* Specta.xcframework in Frameworks */,
				6EA1EE682760E4AF00FD3D29 /* libAvoInspectorStatic.a in Frameworks */,
				6EA1EEB42760F37500FD3D29 /* OCMock.xcframework in Frameworks */,
			);
			runOnlyForDeploymentPostprocessing = 0;
		};
/* End PBXFrameworksBuildPhase section */

/* Begin PBXGroup section */
		6EA1EE312760E2C000FD3D29 = {
			isa = PBXGroup;
			children = (
				6E594BA22761502B00ACAC42 /* AvoInspectorStatic.h */,
				6E594B9F27614E9800ACAC42 /* module.modulemap */,
				6E7E507827611C4D00CAFB96 /* AvoBatcher.h */,
				6E7E507327611C4D00CAFB96 /* AvoBatcher.m */,
				6E7E505B27611C4C00CAFB96 /* AvoBoolean.h */,
				6E7E505D27611C4C00CAFB96 /* AvoBoolean.m */,
				6E7E505C27611C4C00CAFB96 /* AvoDeduplicator.h */,
				6E7E506527611C4D00CAFB96 /* AvoDeduplicator.m */,
				6E7E507027611C4D00CAFB96 /* AvoEventSchemaType.h */,
				6E7E507627611C4D00CAFB96 /* AvoEventSchemaType.m */,
				6E7E507427611C4D00CAFB96 /* AvoFloat.h */,
				6E7E506427611C4C00CAFB96 /* AvoFloat.m */,
				6E7E506627611C4D00CAFB96 /* AvoInspector.h */,
				6E7E506D27611C4D00CAFB96 /* AvoInspector.m */,
				6E7E505727611C4C00CAFB96 /* AvoInstallationId.h */,
				6E7E506C27611C4D00CAFB96 /* AvoInstallationId.m */,
				6E7E506127611C4C00CAFB96 /* AvoInt.h */,
				6E7E505827611C4C00CAFB96 /* AvoInt.m */,
				6E7E505F27611C4C00CAFB96 /* AvoList.h */,
				6E7E507227611C4D00CAFB96 /* AvoList.m */,
				6E7E506827611C4D00CAFB96 /* AvoNetworkCallsHandler.h */,
				6E7E506227611C4C00CAFB96 /* AvoNetworkCallsHandler.m */,
				6E7E506027611C4C00CAFB96 /* AvoNull.h */,
				6E7E506B27611C4D00CAFB96 /* AvoNull.m */,
				6E7E506A27611C4D00CAFB96 /* AvoObject.h */,
				6E7E505E27611C4C00CAFB96 /* AvoObject.m */,
				6E7E505A27611C4C00CAFB96 /* AvoSchemaExtractor.h */,
				6E7E506327611C4C00CAFB96 /* AvoSchemaExtractor.m */,
				6E7E506E27611C4D00CAFB96 /* AvoSessionTracker.h */,
				6E7E507127611C4D00CAFB96 /* AvoSessionTracker.m */,
				6E7E507527611C4D00CAFB96 /* AvoString.h */,
				6E7E506727611C4D00CAFB96 /* AvoString.m */,
				6E7E507727611C4D00CAFB96 /* AvoUnknownType.h */,
				6E7E506F27611C4D00CAFB96 /* AvoUnknownType.m */,
				6E7E506927611C4D00CAFB96 /* AvoUtils.h */,
				6E7E507927611C4D00CAFB96 /* AvoUtils.m */,
				6E7E505927611C4C00CAFB96 /* Inspector.h */,
				6EA1EE652760E4AF00FD3D29 /* Tests */,
				6EA1EE3B2760E2C000FD3D29 /* Products */,
				6EA1EE8F2760E70000FD3D29 /* Frameworks */,
			);
			sourceTree = "<group>";
		};
		6EA1EE3B2760E2C000FD3D29 /* Products */ = {
			isa = PBXGroup;
			children = (
				6EA1EE3A2760E2C000FD3D29 /* libAvoInspectorStatic.a */,
				6EA1EE642760E4AF00FD3D29 /* Tests.xctest */,
			);
			name = Products;
			sourceTree = "<group>";
		};
		6EA1EE652760E4AF00FD3D29 /* Tests */ = {
			isa = PBXGroup;
			children = (
				6E7E50522761126800CAFB96 /* Info.plist */,
				6E7E50392760F5EC00CAFB96 /* DeduplicatorTests.m */,
				6E7E50402760F5EC00CAFB96 /* DictionarySchemaExtractionTests.m */,
				6E7E503C2760F5EC00CAFB96 /* EnvironmentMappingTest.m */,
				6E7E50342760F5EC00CAFB96 /* InitializationTests.m */,
				6E7E50382760F5EC00CAFB96 /* InstallationIdTests.m */,
				6E7E50332760F5EC00CAFB96 /* ListSchemaExtractionTests.m */,
				6E7E503D2760F5EC00CAFB96 /* LogsTests.m */,
				6E7E50412760F5EC00CAFB96 /* NetworkCallsHandlerTests.m */,
				6E7E503B2760F5EC00CAFB96 /* SamplingTests.m */,
				6E7E503F2760F5EC00CAFB96 /* SessionBetweenRestartsTests.m */,
				6E7E50372760F5EC00CAFB96 /* SessionTests.m */,
				6E7E503E2760F5EC00CAFB96 /* SimpleTypeSchemaExtractionTests.m */,
				6E7E503A2760F5EC00CAFB96 /* Tests-Info.plist */,
				6E7E50422760F5EC00CAFB96 /* Tests-Prefix.pch */,
				6E7E50362760F5EC00CAFB96 /* TrackTests.m */,
				6E7E50352760F5EC00CAFB96 /* VisualDebuggerTests.m */,
				6EA1EEAD2760ECBD00FD3D29 /* BatchingTests.m */,
			);
			path = Tests;
			sourceTree = "<group>";
		};
		6EA1EE8F2760E70000FD3D29 /* Frameworks */ = {
			isa = PBXGroup;
			children = (
				6EA1EEB22760F37500FD3D29 /* OCMock.xcframework */,
				6E7E50312760F4EB00CAFB96 /* Expecta.xcframework */,
				6EA1EEB12760F37500FD3D29 /* Specta.xcframework */,
			);
			name = Frameworks;
			sourceTree = "<group>";
		};
/* End PBXGroup section */

/* Begin PBXNativeTarget section */
		6EA1EE392760E2C000FD3D29 /* AvoInspectorStatic */ = {
			isa = PBXNativeTarget;
			buildConfigurationList = 6EA1EE432760E2C000FD3D29 /* Build configuration list for PBXNativeTarget "AvoInspectorStatic" */;
			buildPhases = (
				6EA1EE362760E2C000FD3D29 /* Sources */,
				6EA1EE372760E2C000FD3D29 /* Frameworks */,
				6EA1EE382760E2C000FD3D29 /* CopyFiles */,
			);
			buildRules = (
			);
			dependencies = (
			);
			name = AvoInspectorStatic;
			productName = AvoInspectorStatic;
			productReference = 6EA1EE3A2760E2C000FD3D29 /* libAvoInspectorStatic.a */;
			productType = "com.apple.product-type.library.static";
		};
		6EA1EE632760E4AF00FD3D29 /* Tests */ = {
			isa = PBXNativeTarget;
			buildConfigurationList = 6EA1EE6B2760E4AF00FD3D29 /* Build configuration list for PBXNativeTarget "Tests" */;
			buildPhases = (
				6EA1EE602760E4AF00FD3D29 /* Sources */,
				6EA1EE612760E4AF00FD3D29 /* Frameworks */,
				6EA1EE622760E4AF00FD3D29 /* Resources */,
			);
			buildRules = (
			);
			dependencies = (
				6EA1EE6A2760E4AF00FD3D29 /* PBXTargetDependency */,
			);
			name = Tests;
			productName = Tests;
			productReference = 6EA1EE642760E4AF00FD3D29 /* Tests.xctest */;
			productType = "com.apple.product-type.bundle.unit-test";
		};
/* End PBXNativeTarget section */

/* Begin PBXProject section */
		6EA1EE322760E2C000FD3D29 /* Project object */ = {
			isa = PBXProject;
			attributes = {
				BuildIndependentTargetsInParallel = 1;
				LastUpgradeCheck = 1310;
				TargetAttributes = {
					6EA1EE392760E2C000FD3D29 = {
						CreatedOnToolsVersion = 13.1;
					};
					6EA1EE632760E4AF00FD3D29 = {
						CreatedOnToolsVersion = 13.1;
					};
				};
			};
			buildConfigurationList = 6EA1EE352760E2C000FD3D29 /* Build configuration list for PBXProject "AvoInspectorStatic" */;
			compatibilityVersion = "Xcode 13.0";
			developmentRegion = en;
			hasScannedForEncodings = 0;
			knownRegions = (
				en,
				Base,
			);
			mainGroup = 6EA1EE312760E2C000FD3D29;
			productRefGroup = 6EA1EE3B2760E2C000FD3D29 /* Products */;
			projectDirPath = "";
			projectRoot = "";
			targets = (
				6EA1EE392760E2C000FD3D29 /* AvoInspectorStatic */,
				6EA1EE632760E4AF00FD3D29 /* Tests */,
			);
		};
/* End PBXProject section */

/* Begin PBXResourcesBuildPhase section */
		6EA1EE622760E4AF00FD3D29 /* Resources */ = {
			isa = PBXResourcesBuildPhase;
			buildActionMask = 2147483647;
			files = (
				6E7E504A2760F5EC00CAFB96 /* Tests-Info.plist in Resources */,
			);
			runOnlyForDeploymentPostprocessing = 0;
		};
/* End PBXResourcesBuildPhase section */

/* Begin PBXSourcesBuildPhase section */
		6EA1EE362760E2C000FD3D29 /* Sources */ = {
			isa = PBXSourcesBuildPhase;
			buildActionMask = 2147483647;
			files = (
				6E7E507D27611C4D00CAFB96 /* AvoNetworkCallsHandler.m in Sources */,
				6E7E508627611C4D00CAFB96 /* AvoSessionTracker.m in Sources */,
				6E7E507A27611C4D00CAFB96 /* AvoInt.m in Sources */,
				6E7E508227611C4D00CAFB96 /* AvoNull.m in Sources */,
				6E7E508327611C4D00CAFB96 /* AvoInstallationId.m in Sources */,
				6E7E508027611C4D00CAFB96 /* AvoDeduplicator.m in Sources */,
				6E7E508427611C4D00CAFB96 /* AvoInspector.m in Sources */,
				6E7E508127611C4D00CAFB96 /* AvoString.m in Sources */,
				6E7E507E27611C4D00CAFB96 /* AvoSchemaExtractor.m in Sources */,
				6E7E508827611C4D00CAFB96 /* AvoBatcher.m in Sources */,
				6E7E508927611C4D00CAFB96 /* AvoEventSchemaType.m in Sources */,
				6E7E507F27611C4D00CAFB96 /* AvoFloat.m in Sources */,
				6E7E508727611C4D00CAFB96 /* AvoList.m in Sources */,
				6E7E507C27611C4D00CAFB96 /* AvoObject.m in Sources */,
				6E7E507B27611C4D00CAFB96 /* AvoBoolean.m in Sources */,
				6E7E508527611C4D00CAFB96 /* AvoUnknownType.m in Sources */,
				6E7E508A27611C4D00CAFB96 /* AvoUtils.m in Sources */,
			);
			runOnlyForDeploymentPostprocessing = 0;
		};
		6EA1EE602760E4AF00FD3D29 /* Sources */ = {
			isa = PBXSourcesBuildPhase;
			buildActionMask = 2147483647;
			files = (
				6E7E50472760F5EC00CAFB96 /* SessionTests.m in Sources */,
				6E7E50452760F5EC00CAFB96 /* VisualDebuggerTests.m in Sources */,
				6E7E504C2760F5EC00CAFB96 /* EnvironmentMappingTest.m in Sources */,
				6E7E504F2760F5EC00CAFB96 /* SessionBetweenRestartsTests.m in Sources */,
				6E7E50482760F5EC00CAFB96 /* InstallationIdTests.m in Sources */,
				6E7E50462760F5EC00CAFB96 /* TrackTests.m in Sources */,
				6E7E504D2760F5EC00CAFB96 /* LogsTests.m in Sources */,
				6EA1EEAE2760ECBD00FD3D29 /* BatchingTests.m in Sources */,
				6E7E504B2760F5EC00CAFB96 /* SamplingTests.m in Sources */,
				6E7E50432760F5EC00CAFB96 /* ListSchemaExtractionTests.m in Sources */,
				6E7E504E2760F5EC00CAFB96 /* SimpleTypeSchemaExtractionTests.m in Sources */,
				6E7E50492760F5EC00CAFB96 /* DeduplicatorTests.m in Sources */,
				6E7E50442760F5EC00CAFB96 /* InitializationTests.m in Sources */,
				6E7E50502760F5EC00CAFB96 /* DictionarySchemaExtractionTests.m in Sources */,
				6E7E50512760F5EC00CAFB96 /* NetworkCallsHandlerTests.m in Sources */,
			);
			runOnlyForDeploymentPostprocessing = 0;
		};
/* End PBXSourcesBuildPhase section */

/* Begin PBXTargetDependency section */
		6EA1EE6A2760E4AF00FD3D29 /* PBXTargetDependency */ = {
			isa = PBXTargetDependency;
			target = 6EA1EE392760E2C000FD3D29 /* AvoInspectorStatic */;
			targetProxy = 6EA1EE692760E4AF00FD3D29 /* PBXContainerItemProxy */;
		};
/* End PBXTargetDependency section */

/* Begin XCBuildConfiguration section */
		6EA1EE412760E2C000FD3D29 /* Debug */ = {
			isa = XCBuildConfiguration;
			buildSettings = {
				ALWAYS_SEARCH_USER_PATHS = NO;
				CLANG_ANALYZER_NONNULL = YES;
				CLANG_ANALYZER_NUMBER_OBJECT_CONVERSION = YES_AGGRESSIVE;
				CLANG_CXX_LANGUAGE_STANDARD = "gnu++17";
				CLANG_CXX_LIBRARY = "libc++";
				CLANG_ENABLE_MODULES = YES;
				CLANG_ENABLE_OBJC_ARC = YES;
				CLANG_ENABLE_OBJC_WEAK = YES;
				CLANG_WARN_BLOCK_CAPTURE_AUTORELEASING = YES;
				CLANG_WARN_BOOL_CONVERSION = YES;
				CLANG_WARN_COMMA = YES;
				CLANG_WARN_CONSTANT_CONVERSION = YES;
				CLANG_WARN_DEPRECATED_OBJC_IMPLEMENTATIONS = YES;
				CLANG_WARN_DIRECT_OBJC_ISA_USAGE = YES_ERROR;
				CLANG_WARN_DOCUMENTATION_COMMENTS = YES;
				CLANG_WARN_EMPTY_BODY = YES;
				CLANG_WARN_ENUM_CONVERSION = YES;
				CLANG_WARN_INFINITE_RECURSION = YES;
				CLANG_WARN_INT_CONVERSION = YES;
				CLANG_WARN_NON_LITERAL_NULL_CONVERSION = YES;
				CLANG_WARN_OBJC_IMPLICIT_RETAIN_SELF = YES;
				CLANG_WARN_OBJC_LITERAL_CONVERSION = YES;
				CLANG_WARN_OBJC_ROOT_CLASS = YES_ERROR;
				CLANG_WARN_QUOTED_INCLUDE_IN_FRAMEWORK_HEADER = YES;
				CLANG_WARN_RANGE_LOOP_ANALYSIS = YES;
				CLANG_WARN_STRICT_PROTOTYPES = YES;
				CLANG_WARN_SUSPICIOUS_MOVE = YES;
				CLANG_WARN_UNGUARDED_AVAILABILITY = YES_AGGRESSIVE;
				CLANG_WARN_UNREACHABLE_CODE = YES;
				CLANG_WARN__DUPLICATE_METHOD_MATCH = YES;
				COPY_PHASE_STRIP = NO;
				DEBUG_INFORMATION_FORMAT = dwarf;
				DEFINES_MODULE = YES;
				ENABLE_STRICT_OBJC_MSGSEND = YES;
				ENABLE_TESTABILITY = YES;
				GCC_C_LANGUAGE_STANDARD = gnu11;
				GCC_DYNAMIC_NO_PIC = NO;
				GCC_NO_COMMON_BLOCKS = YES;
				GCC_OPTIMIZATION_LEVEL = 0;
				GCC_PREPROCESSOR_DEFINITIONS = (
					"DEBUG=1",
					"$(inherited)",
				);
				GCC_WARN_64_TO_32_BIT_CONVERSION = YES;
				GCC_WARN_ABOUT_RETURN_TYPE = YES_ERROR;
				GCC_WARN_UNDECLARED_SELECTOR = YES;
				GCC_WARN_UNINITIALIZED_AUTOS = YES_AGGRESSIVE;
				GCC_WARN_UNUSED_FUNCTION = YES;
				GCC_WARN_UNUSED_VARIABLE = YES;
				IPHONEOS_DEPLOYMENT_TARGET = 15.0;
				MODULEMAP_FILE = /Users/alexverein/code/ios/AvoInspectorStatic/Sources/AvoInspectorStatic/module.modulemap;
				MTL_ENABLE_DEBUG_INFO = INCLUDE_SOURCE;
				MTL_FAST_MATH = YES;
				ONLY_ACTIVE_ARCH = YES;
				SDKROOT = iphoneos;
			};
			name = Debug;
		};
		6EA1EE422760E2C000FD3D29 /* Release */ = {
			isa = XCBuildConfiguration;
			buildSettings = {
				ALWAYS_SEARCH_USER_PATHS = NO;
				CLANG_ANALYZER_NONNULL = YES;
				CLANG_ANALYZER_NUMBER_OBJECT_CONVERSION = YES_AGGRESSIVE;
				CLANG_CXX_LANGUAGE_STANDARD = "gnu++17";
				CLANG_CXX_LIBRARY = "libc++";
				CLANG_ENABLE_MODULES = YES;
				CLANG_ENABLE_OBJC_ARC = YES;
				CLANG_ENABLE_OBJC_WEAK = YES;
				CLANG_WARN_BLOCK_CAPTURE_AUTORELEASING = YES;
				CLANG_WARN_BOOL_CONVERSION = YES;
				CLANG_WARN_COMMA = YES;
				CLANG_WARN_CONSTANT_CONVERSION = YES;
				CLANG_WARN_DEPRECATED_OBJC_IMPLEMENTATIONS = YES;
				CLANG_WARN_DIRECT_OBJC_ISA_USAGE = YES_ERROR;
				CLANG_WARN_DOCUMENTATION_COMMENTS = YES;
				CLANG_WARN_EMPTY_BODY = YES;
				CLANG_WARN_ENUM_CONVERSION = YES;
				CLANG_WARN_INFINITE_RECURSION = YES;
				CLANG_WARN_INT_CONVERSION = YES;
				CLANG_WARN_NON_LITERAL_NULL_CONVERSION = YES;
				CLANG_WARN_OBJC_IMPLICIT_RETAIN_SELF = YES;
				CLANG_WARN_OBJC_LITERAL_CONVERSION = YES;
				CLANG_WARN_OBJC_ROOT_CLASS = YES_ERROR;
				CLANG_WARN_QUOTED_INCLUDE_IN_FRAMEWORK_HEADER = YES;
				CLANG_WARN_RANGE_LOOP_ANALYSIS = YES;
				CLANG_WARN_STRICT_PROTOTYPES = YES;
				CLANG_WARN_SUSPICIOUS_MOVE = YES;
				CLANG_WARN_UNGUARDED_AVAILABILITY = YES_AGGRESSIVE;
				CLANG_WARN_UNREACHABLE_CODE = YES;
				CLANG_WARN__DUPLICATE_METHOD_MATCH = YES;
				COPY_PHASE_STRIP = NO;
				DEBUG_INFORMATION_FORMAT = "dwarf-with-dsym";
				DEFINES_MODULE = YES;
				ENABLE_NS_ASSERTIONS = NO;
				ENABLE_STRICT_OBJC_MSGSEND = YES;
				GCC_C_LANGUAGE_STANDARD = gnu11;
				GCC_NO_COMMON_BLOCKS = YES;
				GCC_WARN_64_TO_32_BIT_CONVERSION = YES;
				GCC_WARN_ABOUT_RETURN_TYPE = YES_ERROR;
				GCC_WARN_UNDECLARED_SELECTOR = YES;
				GCC_WARN_UNINITIALIZED_AUTOS = YES_AGGRESSIVE;
				GCC_WARN_UNUSED_FUNCTION = YES;
				GCC_WARN_UNUSED_VARIABLE = YES;
				IPHONEOS_DEPLOYMENT_TARGET = 15.0;
				MODULEMAP_FILE = /Users/alexverein/code/ios/AvoInspectorStatic/Sources/AvoInspectorStatic/module.modulemap;
				MTL_ENABLE_DEBUG_INFO = NO;
				MTL_FAST_MATH = YES;
				SDKROOT = iphoneos;
				VALIDATE_PRODUCT = YES;
			};
			name = Release;
		};
		6EA1EE442760E2C000FD3D29 /* Debug */ = {
			isa = XCBuildConfiguration;
			buildSettings = {
				CODE_SIGN_STYLE = Automatic;
				DEVELOPMENT_TEAM = G7H6Q48U3Z;
				OTHER_LDFLAGS = "-ObjC";
				PRODUCT_NAME = "$(TARGET_NAME)";
				SKIP_INSTALL = YES;
				TARGETED_DEVICE_FAMILY = "1,2";
			};
			name = Debug;
		};
		6EA1EE452760E2C000FD3D29 /* Release */ = {
			isa = XCBuildConfiguration;
			buildSettings = {
				CODE_SIGN_STYLE = Automatic;
				DEVELOPMENT_TEAM = G7H6Q48U3Z;
				OTHER_LDFLAGS = "-ObjC";
				PRODUCT_NAME = "$(TARGET_NAME)";
				SKIP_INSTALL = YES;
				TARGETED_DEVICE_FAMILY = "1,2";
			};
			name = Release;
		};
		6EA1EE6C2760E4AF00FD3D29 /* Debug */ = {
			isa = XCBuildConfiguration;
			buildSettings = {
				CODE_SIGN_STYLE = Automatic;
				CURRENT_PROJECT_VERSION = 1;
				DEVELOPMENT_TEAM = G7H6Q48U3Z;
				FRAMEWORK_SEARCH_PATHS = (
					"$(inherited)",
					"$(PROJECT_DIR)/Carthage/Build/iOS",
				);
				GENERATE_INFOPLIST_FILE = YES;
				INFOPLIST_FILE = Tests/Info.plist;
				INFOPLIST_KEY_LSApplicationCategoryType = "";
				LD_RUNPATH_SEARCH_PATHS = (
					"$(inherited)",
					"@executable_path/Frameworks",
					"@loader_path/Frameworks",
				);
				MARKETING_VERSION = 1.2.6;
				PRODUCT_BUNDLE_IDENTIFIER = app.avo.Tests;
				PRODUCT_NAME = "$(TARGET_NAME)";
				SWIFT_EMIT_LOC_STRINGS = NO;
				TARGETED_DEVICE_FAMILY = "1,2";
			};
			name = Debug;
		};
		6EA1EE6D2760E4AF00FD3D29 /* Release */ = {
			isa = XCBuildConfiguration;
			buildSettings = {
				CODE_SIGN_STYLE = Automatic;
				CURRENT_PROJECT_VERSION = 1;
				DEVELOPMENT_TEAM = G7H6Q48U3Z;
				FRAMEWORK_SEARCH_PATHS = (
					"$(inherited)",
					"$(PROJECT_DIR)/Carthage/Build/iOS",
				);
				GENERATE_INFOPLIST_FILE = YES;
				INFOPLIST_FILE = Tests/Info.plist;
				INFOPLIST_KEY_LSApplicationCategoryType = "";
				LD_RUNPATH_SEARCH_PATHS = (
					"$(inherited)",
					"@executable_path/Frameworks",
					"@loader_path/Frameworks",
				);
				MARKETING_VERSION = 1.2.6;
				PRODUCT_BUNDLE_IDENTIFIER = app.avo.Tests;
				PRODUCT_NAME = "$(TARGET_NAME)";
				SWIFT_EMIT_LOC_STRINGS = NO;
				TARGETED_DEVICE_FAMILY = "1,2";
			};
			name = Release;
		};
/* End XCBuildConfiguration section */

/* Begin XCConfigurationList section */
		6EA1EE352760E2C000FD3D29 /* Build configuration list for PBXProject "AvoInspectorStatic" */ = {
			isa = XCConfigurationList;
			buildConfigurations = (
				6EA1EE412760E2C000FD3D29 /* Debug */,
				6EA1EE422760E2C000FD3D29 /* Release */,
			);
			defaultConfigurationIsVisible = 0;
			defaultConfigurationName = Release;
		};
		6EA1EE432760E2C000FD3D29 /* Build configuration list for PBXNativeTarget "AvoInspectorStatic" */ = {
			isa = XCConfigurationList;
			buildConfigurations = (
				6EA1EE442760E2C000FD3D29 /* Debug */,
				6EA1EE452760E2C000FD3D29 /* Release */,
			);
			defaultConfigurationIsVisible = 0;
			defaultConfigurationName = Release;
		};
		6EA1EE6B2760E4AF00FD3D29 /* Build configuration list for PBXNativeTarget "Tests" */ = {
			isa = XCConfigurationList;
			buildConfigurations = (
				6EA1EE6C2760E4AF00FD3D29 /* Debug */,
				6EA1EE6D2760E4AF00FD3D29 /* Release */,
			);
			defaultConfigurationIsVisible = 0;
			defaultConfigurationName = Release;
		};
/* End XCConfigurationList section */
	};
	rootObject = 6EA1EE322760E2C000FD3D29 /* Project object */;
}
